// !$*UTF8*$!
{
	archiveVersion = 1;
	classes = {
	};
	objectVersion = 46;
	objects = {

/* Begin PBXBuildFile section */
		2D8436A8186DBBBB00C7C7D1 /* ToastTestAppDelegate.m in Sources */ = {isa = PBXBuildFile; fileRef = 1536A60916B0E0D60021C622 /* ToastTestAppDelegate.m */; };
		2D8436A9186DBBBB00C7C7D1 /* ToastTestViewController.m in Sources */ = {isa = PBXBuildFile; fileRef = 1536A60B16B0E0D60021C622 /* ToastTestViewController.m */; };
		2D8436AA186DBBBB00C7C7D1 /* main.m in Sources */ = {isa = PBXBuildFile; fileRef = 151FC12A13D3558E007DC282 /* main.m */; };
		2D8436AC186DBBBB00C7C7D1 /* libToastLib.a in Frameworks */ = {isa = PBXBuildFile; fileRef = 2D7859121868FE2A0048D8EA /* libToastLib.a */; };
		2D8436AD186DBBBB00C7C7D1 /* UIKit.framework in Frameworks */ = {isa = PBXBuildFile; fileRef = 151FC0D613D34B7A007DC282 /* UIKit.framework */; };
		2D8436AE186DBBBB00C7C7D1 /* Foundation.framework in Frameworks */ = {isa = PBXBuildFile; fileRef = 151FC0D813D34B7A007DC282 /* Foundation.framework */; };
		2D8436AF186DBBBB00C7C7D1 /* CoreGraphics.framework in Frameworks */ = {isa = PBXBuildFile; fileRef = 151FC0DA13D34B7A007DC282 /* CoreGraphics.framework */; };
		2D8436B1186DBBBB00C7C7D1 /* ToastTestViewController.xib in Resources */ = {isa = PBXBuildFile; fileRef = 1536A60C16B0E0D60021C622 /* ToastTestViewController.xib */; };
		2D8436B2186DBBBB00C7C7D1 /* toast.png in Resources */ = {isa = PBXBuildFile; fileRef = 1536A61216B0E0E20021C622 /* toast.png */; };
		2D8436B3186DBBBB00C7C7D1 /* Default-568h@2x.png in Resources */ = {isa = PBXBuildFile; fileRef = 1536A62416B0E2050021C622 /* Default-568h@2x.png */; };
		2D8436B4186DBBBB00C7C7D1 /* Icon.png in Resources */ = {isa = PBXBuildFile; fileRef = 1536A62816B0F0B20021C622 /* Icon.png */; };
		2D8436B5186DBBBB00C7C7D1 /* Icon@2x.png in Resources */ = {isa = PBXBuildFile; fileRef = 1536A62916B0F0B20021C622 /* Icon@2x.png */; };
/* End PBXBuildFile section */

/* Begin PBXContainerItemProxy section */
		2D7859111868FE2A0048D8EA /* PBXContainerItemProxy */ = {
			isa = PBXContainerItemProxy;
			containerPortal = 2D78590C1868FE2A0048D8EA /* ToastLib.xcodeproj */;
			proxyType = 2;
			remoteGlobalIDString = 2D7858E31868FE290048D8EA;
			remoteInfo = ToastLib;
		};
		2D8436A6186DBBBB00C7C7D1 /* PBXContainerItemProxy */ = {
			isa = PBXContainerItemProxy;
			containerPortal = 2D78590C1868FE2A0048D8EA /* ToastLib.xcodeproj */;
			proxyType = 1;
			remoteGlobalIDString = 2D7858E21868FE290048D8EA;
			remoteInfo = ToastLib;
		};
/* End PBXContainerItemProxy section */

/* Begin PBXFileReference section */
		151FC0D613D34B7A007DC282 /* UIKit.framework */ = {isa = PBXFileReference; lastKnownFileType = wrapper.framework; name = UIKit.framework; path = System/Library/Frameworks/UIKit.framework; sourceTree = SDKROOT; };
		151FC0D813D34B7A007DC282 /* Foundation.framework */ = {isa = PBXFileReference; lastKnownFileType = wrapper.framework; name = Foundation.framework; path = System/Library/Frameworks/Foundation.framework; sourceTree = SDKROOT; };
		151FC0DA13D34B7A007DC282 /* CoreGraphics.framework */ = {isa = PBXFileReference; lastKnownFileType = wrapper.framework; name = CoreGraphics.framework; path = System/Library/Frameworks/CoreGraphics.framework; sourceTree = SDKROOT; };
		151FC12713D35583007DC282 /* Toast-Info.plist */ = {isa = PBXFileReference; fileEncoding = 4; lastKnownFileType = text.plist.xml; name = "Toast-Info.plist"; path = "Toast/Toast-Info.plist"; sourceTree = SOURCE_ROOT; };
		151FC12813D35583007DC282 /* Toast-Prefix.pch */ = {isa = PBXFileReference; fileEncoding = 4; lastKnownFileType = sourcecode.c.h; name = "Toast-Prefix.pch"; path = "Toast/Toast-Prefix.pch"; sourceTree = SOURCE_ROOT; };
		151FC12A13D3558E007DC282 /* main.m */ = {isa = PBXFileReference; fileEncoding = 4; lastKnownFileType = sourcecode.c.objc; name = main.m; path = Toast/main.m; sourceTree = SOURCE_ROOT; };
		151FC13313D36FCB007DC282 /* QuartzCore.framework */ = {isa = PBXFileReference; lastKnownFileType = wrapper.framework; name = QuartzCore.framework; path = System/Library/Frameworks/QuartzCore.framework; sourceTree = SDKROOT; };
		1536A60816B0E0D60021C622 /* ToastTestAppDelegate.h */ = {isa = PBXFileReference; fileEncoding = 4; lastKnownFileType = sourcecode.c.h; path = ToastTestAppDelegate.h; sourceTree = "<group>"; };
		1536A60916B0E0D60021C622 /* ToastTestAppDelegate.m */ = {isa = PBXFileReference; fileEncoding = 4; lastKnownFileType = sourcecode.c.objc; path = ToastTestAppDelegate.m; sourceTree = "<group>"; };
		1536A60A16B0E0D60021C622 /* ToastTestViewController.h */ = {isa = PBXFileReference; fileEncoding = 4; lastKnownFileType = sourcecode.c.h; path = ToastTestViewController.h; sourceTree = "<group>"; };
		1536A60B16B0E0D60021C622 /* ToastTestViewController.m */ = {isa = PBXFileReference; fileEncoding = 4; lastKnownFileType = sourcecode.c.objc; path = ToastTestViewController.m; sourceTree = "<group>"; };
		1536A60C16B0E0D60021C622 /* ToastTestViewController.xib */ = {isa = PBXFileReference; fileEncoding = 4; lastKnownFileType = file.xib; path = ToastTestViewController.xib; sourceTree = "<group>"; };
		1536A61216B0E0E20021C622 /* toast.png */ = {isa = PBXFileReference; lastKnownFileType = image.png; path = toast.png; sourceTree = "<group>"; };
		1536A62416B0E2050021C622 /* Default-568h@2x.png */ = {isa = PBXFileReference; lastKnownFileType = image.png; path = "Default-568h@2x.png"; sourceTree = SOURCE_ROOT; };
		1536A62816B0F0B20021C622 /* Icon.png */ = {isa = PBXFileReference; lastKnownFileType = image.png; path = Icon.png; sourceTree = SOURCE_ROOT; };
		1536A62916B0F0B20021C622 /* Icon@2x.png */ = {isa = PBXFileReference; lastKnownFileType = image.png; path = "Icon@2x.png"; sourceTree = SOURCE_ROOT; };
		2D78590C1868FE2A0048D8EA /* ToastLib.xcodeproj */ = {isa = PBXFileReference; lastKnownFileType = "wrapper.pb-project"; name = ToastLib.xcodeproj; path = ToastLib/ToastLib.xcodeproj; sourceTree = "<group>"; };
		2D8436B9186DBBBB00C7C7D1 /* Toast.app */ = {isa = PBXFileReference; explicitFileType = wrapper.application; includeInIndex = 0; path = Toast.app; sourceTree = BUILT_PRODUCTS_DIR; };
		2D8436BA186DBBBB00C7C7D1 /* Toast-Info.plist */ = {isa = PBXFileReference; lastKnownFileType = text.plist.xml; name = "Toast-Info.plist"; path = "/Users/Zinc/Projects/svn_shazamteam/code/mobile/windowsphone/ShazamDotNetCrossPlatHack/Shazam.iOS/Libraries/scalessec-Toast/Toast-Info.plist"; sourceTree = "<absolute>"; };
/* End PBXFileReference section */

/* Begin PBXFrameworksBuildPhase section */
		2D8436AB186DBBBB00C7C7D1 /* Frameworks */ = {
			isa = PBXFrameworksBuildPhase;
			buildActionMask = 2147483647;
			files = (
				2D8436AC186DBBBB00C7C7D1 /* libToastLib.a in Frameworks */,
				2D8436AD186DBBBB00C7C7D1 /* UIKit.framework in Frameworks */,
				2D8436AE186DBBBB00C7C7D1 /* Foundation.framework in Frameworks */,
				2D8436AF186DBBBB00C7C7D1 /* CoreGraphics.framework in Frameworks */,
			);
			runOnlyForDeploymentPostprocessing = 0;
		};
/* End PBXFrameworksBuildPhase section */

/* Begin PBXGroup section */
		151FC0C713D34B79007DC282 = {
			isa = PBXGroup;
			children = (
				2D78590C1868FE2A0048D8EA /* ToastLib.xcodeproj */,
				151FC0DC13D34B7A007DC282 /* Toast */,
				151FC0DD13D34B7A007DC282 /* Supporting Files */,
				1536A61016B0E0E20021C622 /* Resources */,
				151FC0D513D34B7A007DC282 /* Frameworks */,
				151FC0D313D34B7A007DC282 /* Products */,
				2D8436BA186DBBBB00C7C7D1 /* Toast-Info.plist */,
			);
			sourceTree = "<group>";
		};
		151FC0D313D34B7A007DC282 /* Products */ = {
			isa = PBXGroup;
			children = (
				2D8436B9186DBBBB00C7C7D1 /* Toast.app */,
			);
			name = Products;
			sourceTree = "<group>";
		};
		151FC0D513D34B7A007DC282 /* Frameworks */ = {
			isa = PBXGroup;
			children = (
				151FC0D613D34B7A007DC282 /* UIKit.framework */,
				151FC0D813D34B7A007DC282 /* Foundation.framework */,
				151FC0DA13D34B7A007DC282 /* CoreGraphics.framework */,
				151FC13313D36FCB007DC282 /* QuartzCore.framework */,
			);
			name = Frameworks;
			sourceTree = "<group>";
		};
		151FC0DC13D34B7A007DC282 /* Toast */ = {
			isa = PBXGroup;
			children = (
				1536A60716B0E0D60021C622 /* Example */,
			);
			name = Toast;
			path = ToastTest;
			sourceTree = "<group>";
		};
		151FC0DD13D34B7A007DC282 /* Supporting Files */ = {
			isa = PBXGroup;
			children = (
				151FC12713D35583007DC282 /* Toast-Info.plist */,
				151FC12813D35583007DC282 /* Toast-Prefix.pch */,
				151FC12A13D3558E007DC282 /* main.m */,
			);
			name = "Supporting Files";
			path = ToastTest;
			sourceTree = "<group>";
		};
		1536A60716B0E0D60021C622 /* Example */ = {
			isa = PBXGroup;
			children = (
				1536A60816B0E0D60021C622 /* ToastTestAppDelegate.h */,
				1536A60916B0E0D60021C622 /* ToastTestAppDelegate.m */,
				1536A60A16B0E0D60021C622 /* ToastTestViewController.h */,
				1536A60B16B0E0D60021C622 /* ToastTestViewController.m */,
				1536A60C16B0E0D60021C622 /* ToastTestViewController.xib */,
			);
			name = Example;
			path = Toast/Example;
			sourceTree = SOURCE_ROOT;
		};
		1536A61016B0E0E20021C622 /* Resources */ = {
			isa = PBXGroup;
			children = (
				1536A61116B0E0E20021C622 /* images */,
			);
			name = Resources;
			path = Toast/Resources;
			sourceTree = "<group>";
		};
		1536A61116B0E0E20021C622 /* images */ = {
			isa = PBXGroup;
			children = (
				1536A62816B0F0B20021C622 /* Icon.png */,
				1536A62916B0F0B20021C622 /* Icon@2x.png */,
				1536A62416B0E2050021C622 /* Default-568h@2x.png */,
				1536A61216B0E0E20021C622 /* toast.png */,
			);
			path = images;
			sourceTree = "<group>";
		};
		2D78590D1868FE2A0048D8EA /* Products */ = {
			isa = PBXGroup;
			children = (
				2D7859121868FE2A0048D8EA /* libToastLib.a */,
			);
			name = Products;
			sourceTree = "<group>";
		};
/* End PBXGroup section */

/* Begin PBXNativeTarget section */
		2D8436A4186DBBBB00C7C7D1 /* Toast */ = {
			isa = PBXNativeTarget;
			buildConfigurationList = 2D8436B6186DBBBB00C7C7D1 /* Build configuration list for PBXNativeTarget "Toast" */;
			buildPhases = (
				2D8436A7186DBBBB00C7C7D1 /* Sources */,
				2D8436AB186DBBBB00C7C7D1 /* Frameworks */,
				2D8436B0186DBBBB00C7C7D1 /* Resources */,
			);
			buildRules = (
			);
			dependencies = (
				2D8436A5186DBBBB00C7C7D1 /* PBXTargetDependency */,
			);
			name = Toast;
			productName = ToastTest;
			productReference = 2D8436B9186DBBBB00C7C7D1 /* Toast.app */;
			productType = "com.apple.product-type.application";
		};
/* End PBXNativeTarget section */

/* Begin PBXProject section */
		151FC0C913D34B79007DC282 /* Project object */ = {
			isa = PBXProject;
			attributes = {
				LastUpgradeCheck = 0500;
			};
			buildConfigurationList = 151FC0CC13D34B79007DC282 /* Build configuration list for PBXProject "Toast" */;
			compatibilityVersion = "Xcode 3.2";
			developmentRegion = English;
			hasScannedForEncodings = 0;
			knownRegions = (
				en,
			);
			mainGroup = 151FC0C713D34B79007DC282;
			productRefGroup = 151FC0D313D34B7A007DC282 /* Products */;
			projectDirPath = "";
			projectReferences = (
				{
					ProductGroup = 2D78590D1868FE2A0048D8EA /* Products */;
					ProjectRef = 2D78590C1868FE2A0048D8EA /* ToastLib.xcodeproj */;
				},
			);
			projectRoot = "";
			targets = (
				2D8436A4186DBBBB00C7C7D1 /* Toast */,
			);
		};
/* End PBXProject section */

/* Begin PBXReferenceProxy section */
		2D7859121868FE2A0048D8EA /* libToastLib.a */ = {
			isa = PBXReferenceProxy;
			fileType = archive.ar;
			path = libToastLib.a;
			remoteRef = 2D7859111868FE2A0048D8EA /* PBXContainerItemProxy */;
			sourceTree = BUILT_PRODUCTS_DIR;
		};
/* End PBXReferenceProxy section */

/* Begin PBXResourcesBuildPhase section */
		2D8436B0186DBBBB00C7C7D1 /* Resources */ = {
			isa = PBXResourcesBuildPhase;
			buildActionMask = 2147483647;
			files = (
				2D8436B1186DBBBB00C7C7D1 /* ToastTestViewController.xib in Resources */,
				2D8436B2186DBBBB00C7C7D1 /* toast.png in Resources */,
				2D8436B3186DBBBB00C7C7D1 /* Default-568h@2x.png in Resources */,
				2D8436B4186DBBBB00C7C7D1 /* Icon.png in Resources */,
				2D8436B5186DBBBB00C7C7D1 /* Icon@2x.png in Resources */,
			);
			runOnlyForDeploymentPostprocessing = 0;
		};
/* End PBXResourcesBuildPhase section */

/* Begin PBXSourcesBuildPhase section */
		2D8436A7186DBBBB00C7C7D1 /* Sources */ = {
			isa = PBXSourcesBuildPhase;
			buildActionMask = 2147483647;
			files = (
				2D8436A8186DBBBB00C7C7D1 /* ToastTestAppDelegate.m in Sources */,
				2D8436A9186DBBBB00C7C7D1 /* ToastTestViewController.m in Sources */,
				2D8436AA186DBBBB00C7C7D1 /* main.m in Sources */,
			);
			runOnlyForDeploymentPostprocessing = 0;
		};
/* End PBXSourcesBuildPhase section */

/* Begin PBXTargetDependency section */
		2D8436A5186DBBBB00C7C7D1 /* PBXTargetDependency */ = {
			isa = PBXTargetDependency;
			name = ToastLib;
			targetProxy = 2D8436A6186DBBBB00C7C7D1 /* PBXContainerItemProxy */;
		};
/* End PBXTargetDependency section */

/* Begin XCBuildConfiguration section */
		151FC0F113D34B7A007DC282 /* Debug */ = {
			isa = XCBuildConfiguration;
			buildSettings = {
				CLANG_ENABLE_OBJC_ARC = YES;
				CLANG_WARN_OBJCPP_ARC_ABI = NO;
				CODE_SIGN_IDENTITY = "";
				"CODE_SIGN_IDENTITY[sdk=iphoneos*]" = "";
				GCC_C_LANGUAGE_STANDARD = gnu99;
				GCC_OPTIMIZATION_LEVEL = 0;
				GCC_PREPROCESSOR_DEFINITIONS = DEBUG;
				GCC_SYMBOLS_PRIVATE_EXTERN = NO;
				GCC_VERSION = com.apple.compilers.llvmgcc42;
				GCC_WARN_ABOUT_RETURN_TYPE = YES;
				GCC_WARN_UNUSED_VARIABLE = YES;
				HEADER_SEARCH_PATHS = (
					"$(inherited)",
					/Applications/Xcode.app/Contents/Developer/Toolchains/XcodeDefault.xctoolchain/usr/include,
					"$(PROJECT_DIR)/ToastLib/**",
				);
				IPHONEOS_DEPLOYMENT_TARGET = 5.1;
				ONLY_ACTIVE_ARCH = YES;
				PROVISIONING_PROFILE = "";
				"PROVISIONING_PROFILE[sdk=iphoneos*]" = "";
				SDKROOT = iphoneos;
			};
			name = Debug;
		};
		151FC0F213D34B7A007DC282 /* Release */ = {
			isa = XCBuildConfiguration;
			buildSettings = {
				CLANG_ENABLE_OBJC_ARC = YES;
				CLANG_WARN_OBJCPP_ARC_ABI = NO;
				CODE_SIGN_IDENTITY = "";
				"CODE_SIGN_IDENTITY[sdk=iphoneos*]" = "";
				GCC_C_LANGUAGE_STANDARD = gnu99;
				GCC_VERSION = com.apple.compilers.llvmgcc42;
				GCC_WARN_ABOUT_RETURN_TYPE = YES;
				GCC_WARN_UNUSED_VARIABLE = YES;
				HEADER_SEARCH_PATHS = (
					"$(inherited)",
					/Applications/Xcode.app/Contents/Developer/Toolchains/XcodeDefault.xctoolchain/usr/include,
					"$(PROJECT_DIR)/ToastLib/**",
				);
				IPHONEOS_DEPLOYMENT_TARGET = 5.1;
				OTHER_CFLAGS = "-DNS_BLOCK_ASSERTIONS=1";
				PROVISIONING_PROFILE = "";
				"PROVISIONING_PROFILE[sdk=iphoneos*]" = "";
				SDKROOT = iphoneos;
			};
			name = Release;
		};
		2D8436B7186DBBBB00C7C7D1 /* Debug */ = {
			isa = XCBuildConfiguration;
			buildSettings = {
				ALWAYS_SEARCH_USER_PATHS = NO;
				CLANG_ENABLE_OBJC_ARC = YES;
				CLANG_WARN_OBJCPP_ARC_ABI = NO;
				CODE_SIGN_IDENTITY = "";
				"CODE_SIGN_IDENTITY[sdk=iphoneos*]" = "";
				COPY_PHASE_STRIP = NO;
				GCC_DYNAMIC_NO_PIC = NO;
				GCC_PRECOMPILE_PREFIX_HEADER = YES;
				GCC_PREFIX_HEADER = "Toast/Toast-Prefix.pch";
				GCC_VERSION = com.apple.compilers.llvm.clang.1_0;
				INFOPLIST_FILE = "Toast-Info.plist";
				IPHONEOS_DEPLOYMENT_TARGET = 4.0;
				OTHER_LDFLAGS = "-ObjC";
				PRODUCT_NAME = Toast;
				PROVISIONING_PROFILE = "";
				"PROVISIONING_PROFILE[sdk=iphoneos*]" = "";
				TARGETED_DEVICE_FAMILY = "1,2";
				WRAPPER_EXTENSION = app;
			};
			name = Debug;
		};
		2D8436B8186DBBBB00C7C7D1 /* Release */ = {
			isa = XCBuildConfiguration;
			buildSettings = {
				ALWAYS_SEARCH_USER_PATHS = NO;
				CLANG_ENABLE_OBJC_ARC = YES;
				CLANG_WARN_OBJCPP_ARC_ABI = NO;
				CODE_SIGN_IDENTITY = "";
				"CODE_SIGN_IDENTITY[sdk=iphoneos*]" = "";
				COPY_PHASE_STRIP = YES;
				GCC_PRECOMPILE_PREFIX_HEADER = YES;
				GCC_PREFIX_HEADER = "Toast/Toast-Prefix.pch";
				GCC_VERSION = com.apple.compilers.llvm.clang.1_0;
				INFOPLIST_FILE = "Toast-Info.plist";
				IPHONEOS_DEPLOYMENT_TARGET = 4.0;
				OTHER_LDFLAGS = "-ObjC";
				PRODUCT_NAME = Toast;
				PROVISIONING_PROFILE = "";
				"PROVISIONING_PROFILE[sdk=iphoneos*]" = "";
				TARGETED_DEVICE_FAMILY = "1,2";
				VALIDATE_PRODUCT = YES;
				WRAPPER_EXTENSION = app;
			};
			name = Release;
		};
/* End XCBuildConfiguration section */

/* Begin XCConfigurationList section */
		151FC0CC13D34B79007DC282 /* Build configuration list for PBXProject "Toast" */ = {
			isa = XCConfigurationList;
			buildConfigurations = (
				151FC0F113D34B7A007DC282 /* Debug */,
				151FC0F213D34B7A007DC282 /* Release */,
			);
			defaultConfigurationIsVisible = 0;
			defaultConfigurationName = Release;
		};
		2D8436B6186DBBBB00C7C7D1 /* Build configuration list for PBXNativeTarget "Toast" */ = {
			isa = XCConfigurationList;
			buildConfigurations = (
				2D8436B7186DBBBB00C7C7D1 /* Debug */,
				2D8436B8186DBBBB00C7C7D1 /* Release */,
			);
			defaultConfigurationIsVisible = 0;
			defaultConfigurationName = Release;
		};
/* End XCConfigurationList section */
	};
	rootObject = 151FC0C913D34B79007DC282 /* Project object */;
}
